// !$*UTF8*$!
{
	archiveVersion = 1;
	classes = {
	};
	objectVersion = 46;
	objects = {

/* Begin PBXBuildFile section */
		C158BD32197BA9B300AC6793 /* DBCrypto.m in Sources */ = {isa = PBXBuildFile; fileRef = C158BD31197BA9B300AC6793 /* DBCrypto.m */; };
		C160073E197B98E900E062F4 /* MagicalImportFunctions.m in Sources */ = {isa = PBXBuildFile; fileRef = C1600704197B98E900E062F4 /* MagicalImportFunctions.m */; };
		C160073F197B98E900E062F4 /* NSAttributeDescription+MagicalDataImport.m in Sources */ = {isa = PBXBuildFile; fileRef = C1600706197B98E900E062F4 /* NSAttributeDescription+MagicalDataImport.m */; };
		C1600740197B98E900E062F4 /* NSEntityDescription+MagicalDataImport.m in Sources */ = {isa = PBXBuildFile; fileRef = C1600708197B98E900E062F4 /* NSEntityDescription+MagicalDataImport.m */; };
		C1600741197B98E900E062F4 /* NSNumber+MagicalDataImport.m in Sources */ = {isa = PBXBuildFile; fileRef = C160070A197B98E900E062F4 /* NSNumber+MagicalDataImport.m */; };
		C1600742197B98E900E062F4 /* NSObject+MagicalDataImport.m in Sources */ = {isa = PBXBuildFile; fileRef = C160070C197B98E900E062F4 /* NSObject+MagicalDataImport.m */; };
		C1600743197B98E900E062F4 /* NSRelationshipDescription+MagicalDataImport.m in Sources */ = {isa = PBXBuildFile; fileRef = C160070E197B98E900E062F4 /* NSRelationshipDescription+MagicalDataImport.m */; };
		C1600744197B98E900E062F4 /* NSString+MagicalDataImport.m in Sources */ = {isa = PBXBuildFile; fileRef = C1600710197B98E900E062F4 /* NSString+MagicalDataImport.m */; };
		C1600745197B98E900E062F4 /* NSManagedObject+MagicalAggregation.m in Sources */ = {isa = PBXBuildFile; fileRef = C1600713197B98E900E062F4 /* NSManagedObject+MagicalAggregation.m */; };
		C1600746197B98E900E062F4 /* NSManagedObject+MagicalDataImport.m in Sources */ = {isa = PBXBuildFile; fileRef = C1600715197B98E900E062F4 /* NSManagedObject+MagicalDataImport.m */; };
		C1600747197B98E900E062F4 /* NSManagedObject+MagicalFinders.m in Sources */ = {isa = PBXBuildFile; fileRef = C1600717197B98E900E062F4 /* NSManagedObject+MagicalFinders.m */; };
		C1600748197B98E900E062F4 /* NSManagedObject+MagicalRecord.m in Sources */ = {isa = PBXBuildFile; fileRef = C1600719197B98E900E062F4 /* NSManagedObject+MagicalRecord.m */; };
		C1600749197B98E900E062F4 /* NSManagedObject+MagicalRequests.m in Sources */ = {isa = PBXBuildFile; fileRef = C160071B197B98E900E062F4 /* NSManagedObject+MagicalRequests.m */; };
		C160074A197B98E900E062F4 /* NSManagedObjectContext+MagicalObserving.m in Sources */ = {isa = PBXBuildFile; fileRef = C160071E197B98E900E062F4 /* NSManagedObjectContext+MagicalObserving.m */; };
		C160074B197B98E900E062F4 /* NSManagedObjectContext+MagicalRecord.m in Sources */ = {isa = PBXBuildFile; fileRef = C1600720197B98E900E062F4 /* NSManagedObjectContext+MagicalRecord.m */; };
		C160074C197B98E900E062F4 /* NSManagedObjectContext+MagicalSaves.m in Sources */ = {isa = PBXBuildFile; fileRef = C1600722197B98E900E062F4 /* NSManagedObjectContext+MagicalSaves.m */; };
		C160074D197B98E900E062F4 /* NSManagedObjectContext+MagicalThreading.m in Sources */ = {isa = PBXBuildFile; fileRef = C1600724197B98E900E062F4 /* NSManagedObjectContext+MagicalThreading.m */; };
		C160074E197B98E900E062F4 /* NSManagedObjectModel+MagicalRecord.m in Sources */ = {isa = PBXBuildFile; fileRef = C1600726197B98E900E062F4 /* NSManagedObjectModel+MagicalRecord.m */; };
		C160074F197B98E900E062F4 /* NSPersistentStore+MagicalRecord.m in Sources */ = {isa = PBXBuildFile; fileRef = C1600728197B98E900E062F4 /* NSPersistentStore+MagicalRecord.m */; };
		C1600750197B98E900E062F4 /* NSPersistentStoreCoordinator+MagicalRecord.m in Sources */ = {isa = PBXBuildFile; fileRef = C160072A197B98E900E062F4 /* NSPersistentStoreCoordinator+MagicalRecord.m */; };
		C1600751197B98E900E062F4 /* MagicalRecord+Actions.m in Sources */ = {isa = PBXBuildFile; fileRef = C160072D197B98E900E062F4 /* MagicalRecord+Actions.m */; };
		C1600752197B98E900E062F4 /* MagicalRecord+ErrorHandling.m in Sources */ = {isa = PBXBuildFile; fileRef = C160072F197B98E900E062F4 /* MagicalRecord+ErrorHandling.m */; };
		C1600753197B98E900E062F4 /* MagicalRecord+iCloud.m in Sources */ = {isa = PBXBuildFile; fileRef = C1600731197B98E900E062F4 /* MagicalRecord+iCloud.m */; };
		C1600754197B98E900E062F4 /* MagicalRecord+Options.m in Sources */ = {isa = PBXBuildFile; fileRef = C1600733197B98E900E062F4 /* MagicalRecord+Options.m */; };
		C1600755197B98E900E062F4 /* MagicalRecord+Setup.m in Sources */ = {isa = PBXBuildFile; fileRef = C1600735197B98E900E062F4 /* MagicalRecord+Setup.m */; };
		C1600756197B98E900E062F4 /* MagicalRecord+ShorthandSupport.m in Sources */ = {isa = PBXBuildFile; fileRef = C1600737197B98E900E062F4 /* MagicalRecord+ShorthandSupport.m */; };
		C1600757197B98E900E062F4 /* MagicalRecord.m in Sources */ = {isa = PBXBuildFile; fileRef = C1600739197B98E900E062F4 /* MagicalRecord.m */; };
		C160075A197B996400E062F4 /* Domain.m in Sources */ = {isa = PBXBuildFile; fileRef = C1600759197B996400E062F4 /* Domain.m */; };
		C160075D197B996400E062F4 /* User.m in Sources */ = {isa = PBXBuildFile; fileRef = C160075C197B996400E062F4 /* User.m */; };
		C1600760197B996400E062F4 /* Account.m in Sources */ = {isa = PBXBuildFile; fileRef = C160075F197B996400E062F4 /* Account.m */; };
		C1A2B28D197BBF8400CFFA2D /* DBStore.m in Sources */ = {isa = PBXBuildFile; fileRef = C158BD34197BABE300AC6793 /* DBStore.m */; };
		C1A2B290197BD30A00CFFA2D /* DBFirebase.m in Sources */ = {isa = PBXBuildFile; fileRef = C1A2B28F197BD30A00CFFA2D /* DBFirebase.m */; };
		C1A2B292197BD3F900CFFA2D /* Firebase.framework in Frameworks */ = {isa = PBXBuildFile; fileRef = C1A2B291197BD3F900CFFA2D /* Firebase.framework */; };
		C1A2B294197BDB9100CFFA2D /* libicucore.dylib in Frameworks */ = {isa = PBXBuildFile; fileRef = C1A2B293197BDB9100CFFA2D /* libicucore.dylib */; };
		C1A2B296197BDB9B00CFFA2D /* libc++.dylib in Frameworks */ = {isa = PBXBuildFile; fileRef = C1A2B295197BDB9B00CFFA2D /* libc++.dylib */; };
		C1A2B298197BDBA400CFFA2D /* CFNetwork.framework in Frameworks */ = {isa = PBXBuildFile; fileRef = C1A2B297197BDBA400CFFA2D /* CFNetwork.framework */; };
		C1A2B29A197BDBA900CFFA2D /* Security.framework in Frameworks */ = {isa = PBXBuildFile; fileRef = C1A2B299197BDBA900CFFA2D /* Security.framework */; };
		C1A2B29C197BDBB600CFFA2D /* SystemConfiguration.framework in Frameworks */ = {isa = PBXBuildFile; fileRef = C1A2B29B197BDBB600CFFA2D /* SystemConfiguration.framework */; };
		C1F9BFD8197B74B2005A2207 /* Foundation.framework in Frameworks */ = {isa = PBXBuildFile; fileRef = C1F9BFD7197B74B2005A2207 /* Foundation.framework */; };
		C1F9BFDA197B74B2005A2207 /* CoreGraphics.framework in Frameworks */ = {isa = PBXBuildFile; fileRef = C1F9BFD9197B74B2005A2207 /* CoreGraphics.framework */; };
		C1F9BFDC197B74B2005A2207 /* UIKit.framework in Frameworks */ = {isa = PBXBuildFile; fileRef = C1F9BFDB197B74B2005A2207 /* UIKit.framework */; };
		C1F9BFE2197B74B2005A2207 /* InfoPlist.strings in Resources */ = {isa = PBXBuildFile; fileRef = C1F9BFE0197B74B2005A2207 /* InfoPlist.strings */; };
		C1F9BFE4197B74B2005A2207 /* main.m in Sources */ = {isa = PBXBuildFile; fileRef = C1F9BFE3197B74B2005A2207 /* main.m */; };
		C1F9BFE8197B74B2005A2207 /* DBAppDelegate.m in Sources */ = {isa = PBXBuildFile; fileRef = C1F9BFE7197B74B2005A2207 /* DBAppDelegate.m */; };
		C1F9BFEB197B74B2005A2207 /* Main_iPhone.storyboard in Resources */ = {isa = PBXBuildFile; fileRef = C1F9BFE9197B74B2005A2207 /* Main_iPhone.storyboard */; };
		C1F9BFEE197B74B2005A2207 /* Main_iPad.storyboard in Resources */ = {isa = PBXBuildFile; fileRef = C1F9BFEC197B74B2005A2207 /* Main_iPad.storyboard */; };
		C1F9BFF1197B74B2005A2207 /* DBMainViewController.m in Sources */ = {isa = PBXBuildFile; fileRef = C1F9BFF0197B74B2005A2207 /* DBMainViewController.m */; };
		C1F9BFF4197B74B2005A2207 /* DBFlipsideViewController.m in Sources */ = {isa = PBXBuildFile; fileRef = C1F9BFF3197B74B2005A2207 /* DBFlipsideViewController.m */; };
		C1F9BFF6197B74B2005A2207 /* Images.xcassets in Resources */ = {isa = PBXBuildFile; fileRef = C1F9BFF5197B74B2005A2207 /* Images.xcassets */; };
		C1F9BFFD197B74B2005A2207 /* XCTest.framework in Frameworks */ = {isa = PBXBuildFile; fileRef = C1F9BFFC197B74B2005A2207 /* XCTest.framework */; };
		C1F9BFFE197B74B2005A2207 /* Foundation.framework in Frameworks */ = {isa = PBXBuildFile; fileRef = C1F9BFD7197B74B2005A2207 /* Foundation.framework */; };
		C1F9BFFF197B74B2005A2207 /* UIKit.framework in Frameworks */ = {isa = PBXBuildFile; fileRef = C1F9BFDB197B74B2005A2207 /* UIKit.framework */; };
		C1F9C007197B74B2005A2207 /* InfoPlist.strings in Resources */ = {isa = PBXBuildFile; fileRef = C1F9C005197B74B2005A2207 /* InfoPlist.strings */; };
		C1F9C009197B74B2005A2207 /* DrawbridgeDataTests.m in Sources */ = {isa = PBXBuildFile; fileRef = C1F9C008197B74B2005A2207 /* DrawbridgeDataTests.m */; };
		C1F9C018197B78A9005A2207 /* CoreData.framework in Frameworks */ = {isa = PBXBuildFile; fileRef = C1F9C017197B78A9005A2207 /* CoreData.framework */; };
		C1F9C01B197B7901005A2207 /* DBSecrets.xcdatamodeld in Sources */ = {isa = PBXBuildFile; fileRef = C1F9C019197B7901005A2207 /* DBSecrets.xcdatamodeld */; };
/* End PBXBuildFile section */

/* Begin PBXContainerItemProxy section */
		C1F9C000197B74B2005A2207 /* PBXContainerItemProxy */ = {
			isa = PBXContainerItemProxy;
			containerPortal = C1F9BFCC197B74B2005A2207 /* Project object */;
			proxyType = 1;
			remoteGlobalIDString = C1F9BFD3197B74B2005A2207;
			remoteInfo = DrawbridgeData;
		};
/* End PBXContainerItemProxy section */

/* Begin PBXFileReference section */
		C158BD30197BA9B300AC6793 /* DBCrypto.h */ = {isa = PBXFileReference; fileEncoding = 4; lastKnownFileType = sourcecode.c.h; path = DBCrypto.h; sourceTree = "<group>"; };
		C158BD31197BA9B300AC6793 /* DBCrypto.m */ = {isa = PBXFileReference; fileEncoding = 4; lastKnownFileType = sourcecode.c.objc; path = DBCrypto.m; sourceTree = "<group>"; };
		C158BD33197BABE300AC6793 /* DBStore.h */ = {isa = PBXFileReference; fileEncoding = 4; lastKnownFileType = sourcecode.c.h; path = DBStore.h; sourceTree = "<group>"; };
		C158BD34197BABE300AC6793 /* DBStore.m */ = {isa = PBXFileReference; fileEncoding = 4; lastKnownFileType = sourcecode.c.objc; path = DBStore.m; sourceTree = "<group>"; };
		C1600703197B98E900E062F4 /* MagicalImportFunctions.h */ = {isa = PBXFileReference; fileEncoding = 4; lastKnownFileType = sourcecode.c.h; path = MagicalImportFunctions.h; sourceTree = "<group>"; };
		C1600704197B98E900E062F4 /* MagicalImportFunctions.m */ = {isa = PBXFileReference; fileEncoding = 4; lastKnownFileType = sourcecode.c.objc; path = MagicalImportFunctions.m; sourceTree = "<group>"; };
		C1600705197B98E900E062F4 /* NSAttributeDescription+MagicalDataImport.h */ = {isa = PBXFileReference; fileEncoding = 4; lastKnownFileType = sourcecode.c.h; path = "NSAttributeDescription+MagicalDataImport.h"; sourceTree = "<group>"; };
		C1600706197B98E900E062F4 /* NSAttributeDescription+MagicalDataImport.m */ = {isa = PBXFileReference; fileEncoding = 4; lastKnownFileType = sourcecode.c.objc; path = "NSAttributeDescription+MagicalDataImport.m"; sourceTree = "<group>"; };
		C1600707197B98E900E062F4 /* NSEntityDescription+MagicalDataImport.h */ = {isa = PBXFileReference; fileEncoding = 4; lastKnownFileType = sourcecode.c.h; path = "NSEntityDescription+MagicalDataImport.h"; sourceTree = "<group>"; };
		C1600708197B98E900E062F4 /* NSEntityDescription+MagicalDataImport.m */ = {isa = PBXFileReference; fileEncoding = 4; lastKnownFileType = sourcecode.c.objc; path = "NSEntityDescription+MagicalDataImport.m"; sourceTree = "<group>"; };
		C1600709197B98E900E062F4 /* NSNumber+MagicalDataImport.h */ = {isa = PBXFileReference; fileEncoding = 4; lastKnownFileType = sourcecode.c.h; path = "NSNumber+MagicalDataImport.h"; sourceTree = "<group>"; };
		C160070A197B98E900E062F4 /* NSNumber+MagicalDataImport.m */ = {isa = PBXFileReference; fileEncoding = 4; lastKnownFileType = sourcecode.c.objc; path = "NSNumber+MagicalDataImport.m"; sourceTree = "<group>"; };
		C160070B197B98E900E062F4 /* NSObject+MagicalDataImport.h */ = {isa = PBXFileReference; fileEncoding = 4; lastKnownFileType = sourcecode.c.h; path = "NSObject+MagicalDataImport.h"; sourceTree = "<group>"; };
		C160070C197B98E900E062F4 /* NSObject+MagicalDataImport.m */ = {isa = PBXFileReference; fileEncoding = 4; lastKnownFileType = sourcecode.c.objc; path = "NSObject+MagicalDataImport.m"; sourceTree = "<group>"; };
		C160070D197B98E900E062F4 /* NSRelationshipDescription+MagicalDataImport.h */ = {isa = PBXFileReference; fileEncoding = 4; lastKnownFileType = sourcecode.c.h; path = "NSRelationshipDescription+MagicalDataImport.h"; sourceTree = "<group>"; };
		C160070E197B98E900E062F4 /* NSRelationshipDescription+MagicalDataImport.m */ = {isa = PBXFileReference; fileEncoding = 4; lastKnownFileType = sourcecode.c.objc; path = "NSRelationshipDescription+MagicalDataImport.m"; sourceTree = "<group>"; };
		C160070F197B98E900E062F4 /* NSString+MagicalDataImport.h */ = {isa = PBXFileReference; fileEncoding = 4; lastKnownFileType = sourcecode.c.h; path = "NSString+MagicalDataImport.h"; sourceTree = "<group>"; };
		C1600710197B98E900E062F4 /* NSString+MagicalDataImport.m */ = {isa = PBXFileReference; fileEncoding = 4; lastKnownFileType = sourcecode.c.objc; path = "NSString+MagicalDataImport.m"; sourceTree = "<group>"; };
		C1600712197B98E900E062F4 /* NSManagedObject+MagicalAggregation.h */ = {isa = PBXFileReference; fileEncoding = 4; lastKnownFileType = sourcecode.c.h; path = "NSManagedObject+MagicalAggregation.h"; sourceTree = "<group>"; };
		C1600713197B98E900E062F4 /* NSManagedObject+MagicalAggregation.m */ = {isa = PBXFileReference; fileEncoding = 4; lastKnownFileType = sourcecode.c.objc; path = "NSManagedObject+MagicalAggregation.m"; sourceTree = "<group>"; };
		C1600714197B98E900E062F4 /* NSManagedObject+MagicalDataImport.h */ = {isa = PBXFileReference; fileEncoding = 4; lastKnownFileType = sourcecode.c.h; path = "NSManagedObject+MagicalDataImport.h"; sourceTree = "<group>"; };
		C1600715197B98E900E062F4 /* NSManagedObject+MagicalDataImport.m */ = {isa = PBXFileReference; fileEncoding = 4; lastKnownFileType = sourcecode.c.objc; path = "NSManagedObject+MagicalDataImport.m"; sourceTree = "<group>"; };
		C1600716197B98E900E062F4 /* NSManagedObject+MagicalFinders.h */ = {isa = PBXFileReference; fileEncoding = 4; lastKnownFileType = sourcecode.c.h; path = "NSManagedObject+MagicalFinders.h"; sourceTree = "<group>"; };
		C1600717197B98E900E062F4 /* NSManagedObject+MagicalFinders.m */ = {isa = PBXFileReference; fileEncoding = 4; lastKnownFileType = sourcecode.c.objc; path = "NSManagedObject+MagicalFinders.m"; sourceTree = "<group>"; };
		C1600718197B98E900E062F4 /* NSManagedObject+MagicalRecord.h */ = {isa = PBXFileReference; fileEncoding = 4; lastKnownFileType = sourcecode.c.h; path = "NSManagedObject+MagicalRecord.h"; sourceTree = "<group>"; };
		C1600719197B98E900E062F4 /* NSManagedObject+MagicalRecord.m */ = {isa = PBXFileReference; fileEncoding = 4; lastKnownFileType = sourcecode.c.objc; path = "NSManagedObject+MagicalRecord.m"; sourceTree = "<group>"; };
		C160071A197B98E900E062F4 /* NSManagedObject+MagicalRequests.h */ = {isa = PBXFileReference; fileEncoding = 4; lastKnownFileType = sourcecode.c.h; path = "NSManagedObject+MagicalRequests.h"; sourceTree = "<group>"; };
		C160071B197B98E900E062F4 /* NSManagedObject+MagicalRequests.m */ = {isa = PBXFileReference; fileEncoding = 4; lastKnownFileType = sourcecode.c.objc; path = "NSManagedObject+MagicalRequests.m"; sourceTree = "<group>"; };
		C160071D197B98E900E062F4 /* NSManagedObjectContext+MagicalObserving.h */ = {isa = PBXFileReference; fileEncoding = 4; lastKnownFileType = sourcecode.c.h; path = "NSManagedObjectContext+MagicalObserving.h"; sourceTree = "<group>"; };
		C160071E197B98E900E062F4 /* NSManagedObjectContext+MagicalObserving.m */ = {isa = PBXFileReference; fileEncoding = 4; lastKnownFileType = sourcecode.c.objc; path = "NSManagedObjectContext+MagicalObserving.m"; sourceTree = "<group>"; };
		C160071F197B98E900E062F4 /* NSManagedObjectContext+MagicalRecord.h */ = {isa = PBXFileReference; fileEncoding = 4; lastKnownFileType = sourcecode.c.h; path = "NSManagedObjectContext+MagicalRecord.h"; sourceTree = "<group>"; };
		C1600720197B98E900E062F4 /* NSManagedObjectContext+MagicalRecord.m */ = {isa = PBXFileReference; fileEncoding = 4; lastKnownFileType = sourcecode.c.objc; path = "NSManagedObjectContext+MagicalRecord.m"; sourceTree = "<group>"; };
		C1600721197B98E900E062F4 /* NSManagedObjectContext+MagicalSaves.h */ = {isa = PBXFileReference; fileEncoding = 4; lastKnownFileType = sourcecode.c.h; path = "NSManagedObjectContext+MagicalSaves.h"; sourceTree = "<group>"; };
		C1600722197B98E900E062F4 /* NSManagedObjectContext+MagicalSaves.m */ = {isa = PBXFileReference; fileEncoding = 4; lastKnownFileType = sourcecode.c.objc; path = "NSManagedObjectContext+MagicalSaves.m"; sourceTree = "<group>"; };
		C1600723197B98E900E062F4 /* NSManagedObjectContext+MagicalThreading.h */ = {isa = PBXFileReference; fileEncoding = 4; lastKnownFileType = sourcecode.c.h; path = "NSManagedObjectContext+MagicalThreading.h"; sourceTree = "<group>"; };
		C1600724197B98E900E062F4 /* NSManagedObjectContext+MagicalThreading.m */ = {isa = PBXFileReference; fileEncoding = 4; lastKnownFileType = sourcecode.c.objc; path = "NSManagedObjectContext+MagicalThreading.m"; sourceTree = "<group>"; };
		C1600725197B98E900E062F4 /* NSManagedObjectModel+MagicalRecord.h */ = {isa = PBXFileReference; fileEncoding = 4; lastKnownFileType = sourcecode.c.h; path = "NSManagedObjectModel+MagicalRecord.h"; sourceTree = "<group>"; };
		C1600726197B98E900E062F4 /* NSManagedObjectModel+MagicalRecord.m */ = {isa = PBXFileReference; fileEncoding = 4; lastKnownFileType = sourcecode.c.objc; path = "NSManagedObjectModel+MagicalRecord.m"; sourceTree = "<group>"; };
		C1600727197B98E900E062F4 /* NSPersistentStore+MagicalRecord.h */ = {isa = PBXFileReference; fileEncoding = 4; lastKnownFileType = sourcecode.c.h; path = "NSPersistentStore+MagicalRecord.h"; sourceTree = "<group>"; };
		C1600728197B98E900E062F4 /* NSPersistentStore+MagicalRecord.m */ = {isa = PBXFileReference; fileEncoding = 4; lastKnownFileType = sourcecode.c.objc; path = "NSPersistentStore+MagicalRecord.m"; sourceTree = "<group>"; };
		C1600729197B98E900E062F4 /* NSPersistentStoreCoordinator+MagicalRecord.h */ = {isa = PBXFileReference; fileEncoding = 4; lastKnownFileType = sourcecode.c.h; path = "NSPersistentStoreCoordinator+MagicalRecord.h"; sourceTree = "<group>"; };
		C160072A197B98E900E062F4 /* NSPersistentStoreCoordinator+MagicalRecord.m */ = {isa = PBXFileReference; fileEncoding = 4; lastKnownFileType = sourcecode.c.objc; path = "NSPersistentStoreCoordinator+MagicalRecord.m"; sourceTree = "<group>"; };
		C160072C197B98E900E062F4 /* MagicalRecord+Actions.h */ = {isa = PBXFileReference; fileEncoding = 4; lastKnownFileType = sourcecode.c.h; path = "MagicalRecord+Actions.h"; sourceTree = "<group>"; };
		C160072D197B98E900E062F4 /* MagicalRecord+Actions.m */ = {isa = PBXFileReference; fileEncoding = 4; lastKnownFileType = sourcecode.c.objc; path = "MagicalRecord+Actions.m"; sourceTree = "<group>"; };
		C160072E197B98E900E062F4 /* MagicalRecord+ErrorHandling.h */ = {isa = PBXFileReference; fileEncoding = 4; lastKnownFileType = sourcecode.c.h; path = "MagicalRecord+ErrorHandling.h"; sourceTree = "<group>"; };
		C160072F197B98E900E062F4 /* MagicalRecord+ErrorHandling.m */ = {isa = PBXFileReference; fileEncoding = 4; lastKnownFileType = sourcecode.c.objc; path = "MagicalRecord+ErrorHandling.m"; sourceTree = "<group>"; };
		C1600730197B98E900E062F4 /* MagicalRecord+iCloud.h */ = {isa = PBXFileReference; fileEncoding = 4; lastKnownFileType = sourcecode.c.h; path = "MagicalRecord+iCloud.h"; sourceTree = "<group>"; };
		C1600731197B98E900E062F4 /* MagicalRecord+iCloud.m */ = {isa = PBXFileReference; fileEncoding = 4; lastKnownFileType = sourcecode.c.objc; path = "MagicalRecord+iCloud.m"; sourceTree = "<group>"; };
		C1600732197B98E900E062F4 /* MagicalRecord+Options.h */ = {isa = PBXFileReference; fileEncoding = 4; lastKnownFileType = sourcecode.c.h; path = "MagicalRecord+Options.h"; sourceTree = "<group>"; };
		C1600733197B98E900E062F4 /* MagicalRecord+Options.m */ = {isa = PBXFileReference; fileEncoding = 4; lastKnownFileType = sourcecode.c.objc; path = "MagicalRecord+Options.m"; sourceTree = "<group>"; };
		C1600734197B98E900E062F4 /* MagicalRecord+Setup.h */ = {isa = PBXFileReference; fileEncoding = 4; lastKnownFileType = sourcecode.c.h; path = "MagicalRecord+Setup.h"; sourceTree = "<group>"; };
		C1600735197B98E900E062F4 /* MagicalRecord+Setup.m */ = {isa = PBXFileReference; fileEncoding = 4; lastKnownFileType = sourcecode.c.objc; path = "MagicalRecord+Setup.m"; sourceTree = "<group>"; };
		C1600736197B98E900E062F4 /* MagicalRecord+ShorthandSupport.h */ = {isa = PBXFileReference; fileEncoding = 4; lastKnownFileType = sourcecode.c.h; path = "MagicalRecord+ShorthandSupport.h"; sourceTree = "<group>"; };
		C1600737197B98E900E062F4 /* MagicalRecord+ShorthandSupport.m */ = {isa = PBXFileReference; fileEncoding = 4; lastKnownFileType = sourcecode.c.objc; path = "MagicalRecord+ShorthandSupport.m"; sourceTree = "<group>"; };
		C1600738197B98E900E062F4 /* MagicalRecord.h */ = {isa = PBXFileReference; fileEncoding = 4; lastKnownFileType = sourcecode.c.h; path = MagicalRecord.h; sourceTree = "<group>"; };
		C1600739197B98E900E062F4 /* MagicalRecord.m */ = {isa = PBXFileReference; fileEncoding = 4; lastKnownFileType = sourcecode.c.objc; path = MagicalRecord.m; sourceTree = "<group>"; };
		C160073A197B98E900E062F4 /* MagicalRecordDeprecated.h */ = {isa = PBXFileReference; fileEncoding = 4; lastKnownFileType = sourcecode.c.h; path = MagicalRecordDeprecated.h; sourceTree = "<group>"; };
		C160073B197B98E900E062F4 /* MagicalRecordLogging.h */ = {isa = PBXFileReference; fileEncoding = 4; lastKnownFileType = sourcecode.c.h; path = MagicalRecordLogging.h; sourceTree = "<group>"; };
		C160073C197B98E900E062F4 /* MagicalRecordShorthand.h */ = {isa = PBXFileReference; fileEncoding = 4; lastKnownFileType = sourcecode.c.h; path = MagicalRecordShorthand.h; sourceTree = "<group>"; };
		C160073D197B98E900E062F4 /* CoreData+MagicalRecord.h */ = {isa = PBXFileReference; fileEncoding = 4; lastKnownFileType = sourcecode.c.h; path = "CoreData+MagicalRecord.h"; sourceTree = "<group>"; };
		C1600758197B996400E062F4 /* Domain.h */ = {isa = PBXFileReference; fileEncoding = 4; lastKnownFileType = sourcecode.c.h; path = Domain.h; sourceTree = "<group>"; };
		C1600759197B996400E062F4 /* Domain.m */ = {isa = PBXFileReference; fileEncoding = 4; lastKnownFileType = sourcecode.c.objc; path = Domain.m; sourceTree = "<group>"; };
		C160075B197B996400E062F4 /* User.h */ = {isa = PBXFileReference; fileEncoding = 4; lastKnownFileType = sourcecode.c.h; path = User.h; sourceTree = "<group>"; };
		C160075C197B996400E062F4 /* User.m */ = {isa = PBXFileReference; fileEncoding = 4; lastKnownFileType = sourcecode.c.objc; path = User.m; sourceTree = "<group>"; };
		C160075E197B996400E062F4 /* Account.h */ = {isa = PBXFileReference; fileEncoding = 4; lastKnownFileType = sourcecode.c.h; path = Account.h; sourceTree = "<group>"; };
		C160075F197B996400E062F4 /* Account.m */ = {isa = PBXFileReference; fileEncoding = 4; lastKnownFileType = sourcecode.c.objc; path = Account.m; sourceTree = "<group>"; };
		C1A2B28E197BD30A00CFFA2D /* DBFirebase.h */ = {isa = PBXFileReference; fileEncoding = 4; lastKnownFileType = sourcecode.c.h; name = DBFirebase.h; path = ../DBFirebase.h; sourceTree = "<group>"; };
		C1A2B28F197BD30A00CFFA2D /* DBFirebase.m */ = {isa = PBXFileReference; fileEncoding = 4; lastKnownFileType = sourcecode.c.objc; name = DBFirebase.m; path = ../DBFirebase.m; sourceTree = "<group>"; };
		C1A2B291197BD3F900CFFA2D /* Firebase.framework */ = {isa = PBXFileReference; lastKnownFileType = wrapper.framework; name = Firebase.framework; path = ../../Downloads/Firebase.framework; sourceTree = "<group>"; };
		C1A2B293197BDB9100CFFA2D /* libicucore.dylib */ = {isa = PBXFileReference; lastKnownFileType = "compiled.mach-o.dylib"; name = libicucore.dylib; path = usr/lib/libicucore.dylib; sourceTree = SDKROOT; };
		C1A2B295197BDB9B00CFFA2D /* libc++.dylib */ = {isa = PBXFileReference; lastKnownFileType = "compiled.mach-o.dylib"; name = "libc++.dylib"; path = "usr/lib/libc++.dylib"; sourceTree = SDKROOT; };
		C1A2B297197BDBA400CFFA2D /* CFNetwork.framework */ = {isa = PBXFileReference; lastKnownFileType = wrapper.framework; name = CFNetwork.framework; path = System/Library/Frameworks/CFNetwork.framework; sourceTree = SDKROOT; };
		C1A2B299197BDBA900CFFA2D /* Security.framework */ = {isa = PBXFileReference; lastKnownFileType = wrapper.framework; name = Security.framework; path = System/Library/Frameworks/Security.framework; sourceTree = SDKROOT; };
		C1A2B29B197BDBB600CFFA2D /* SystemConfiguration.framework */ = {isa = PBXFileReference; lastKnownFileType = wrapper.framework; name = SystemConfiguration.framework; path = System/Library/Frameworks/SystemConfiguration.framework; sourceTree = SDKROOT; };
		C1F9BFD4197B74B2005A2207 /* DrawbridgeData.app */ = {isa = PBXFileReference; explicitFileType = wrapper.application; includeInIndex = 0; path = DrawbridgeData.app; sourceTree = BUILT_PRODUCTS_DIR; };
		C1F9BFD7197B74B2005A2207 /* Foundation.framework */ = {isa = PBXFileReference; lastKnownFileType = wrapper.framework; name = Foundation.framework; path = System/Library/Frameworks/Foundation.framework; sourceTree = SDKROOT; };
		C1F9BFD9197B74B2005A2207 /* CoreGraphics.framework */ = {isa = PBXFileReference; lastKnownFileType = wrapper.framework; name = CoreGraphics.framework; path = System/Library/Frameworks/CoreGraphics.framework; sourceTree = SDKROOT; };
		C1F9BFDB197B74B2005A2207 /* UIKit.framework */ = {isa = PBXFileReference; lastKnownFileType = wrapper.framework; name = UIKit.framework; path = System/Library/Frameworks/UIKit.framework; sourceTree = SDKROOT; };
		C1F9BFDF197B74B2005A2207 /* DrawbridgeData-Info.plist */ = {isa = PBXFileReference; lastKnownFileType = text.plist.xml; path = "DrawbridgeData-Info.plist"; sourceTree = "<group>"; };
		C1F9BFE1197B74B2005A2207 /* en */ = {isa = PBXFileReference; lastKnownFileType = text.plist.strings; name = en; path = en.lproj/InfoPlist.strings; sourceTree = "<group>"; };
		C1F9BFE3197B74B2005A2207 /* main.m */ = {isa = PBXFileReference; lastKnownFileType = sourcecode.c.objc; path = main.m; sourceTree = "<group>"; };
		C1F9BFE5197B74B2005A2207 /* DrawbridgeData-Prefix.pch */ = {isa = PBXFileReference; lastKnownFileType = sourcecode.c.h; path = "DrawbridgeData-Prefix.pch"; sourceTree = "<group>"; };
		C1F9BFE6197B74B2005A2207 /* DBAppDelegate.h */ = {isa = PBXFileReference; lastKnownFileType = sourcecode.c.h; path = DBAppDelegate.h; sourceTree = "<group>"; };
		C1F9BFE7197B74B2005A2207 /* DBAppDelegate.m */ = {isa = PBXFileReference; lastKnownFileType = sourcecode.c.objc; path = DBAppDelegate.m; sourceTree = "<group>"; };
		C1F9BFEA197B74B2005A2207 /* Base */ = {isa = PBXFileReference; lastKnownFileType = file.storyboard; name = Base; path = Base.lproj/Main_iPhone.storyboard; sourceTree = "<group>"; };
		C1F9BFED197B74B2005A2207 /* Base */ = {isa = PBXFileReference; lastKnownFileType = file.storyboard; name = Base; path = Base.lproj/Main_iPad.storyboard; sourceTree = "<group>"; };
		C1F9BFEF197B74B2005A2207 /* DBMainViewController.h */ = {isa = PBXFileReference; lastKnownFileType = sourcecode.c.h; path = DBMainViewController.h; sourceTree = "<group>"; };
		C1F9BFF0197B74B2005A2207 /* DBMainViewController.m */ = {isa = PBXFileReference; lastKnownFileType = sourcecode.c.objc; path = DBMainViewController.m; sourceTree = "<group>"; };
		C1F9BFF2197B74B2005A2207 /* DBFlipsideViewController.h */ = {isa = PBXFileReference; lastKnownFileType = sourcecode.c.h; path = DBFlipsideViewController.h; sourceTree = "<group>"; };
		C1F9BFF3197B74B2005A2207 /* DBFlipsideViewController.m */ = {isa = PBXFileReference; lastKnownFileType = sourcecode.c.objc; path = DBFlipsideViewController.m; sourceTree = "<group>"; };
		C1F9BFF5197B74B2005A2207 /* Images.xcassets */ = {isa = PBXFileReference; lastKnownFileType = folder.assetcatalog; path = Images.xcassets; sourceTree = "<group>"; };
		C1F9BFFB197B74B2005A2207 /* DrawbridgeDataTests.xctest */ = {isa = PBXFileReference; explicitFileType = wrapper.cfbundle; includeInIndex = 0; path = DrawbridgeDataTests.xctest; sourceTree = BUILT_PRODUCTS_DIR; };
		C1F9BFFC197B74B2005A2207 /* XCTest.framework */ = {isa = PBXFileReference; lastKnownFileType = wrapper.framework; name = XCTest.framework; path = Library/Frameworks/XCTest.framework; sourceTree = DEVELOPER_DIR; };
		C1F9C004197B74B2005A2207 /* DrawbridgeDataTests-Info.plist */ = {isa = PBXFileReference; lastKnownFileType = text.plist.xml; path = "DrawbridgeDataTests-Info.plist"; sourceTree = "<group>"; };
		C1F9C006197B74B2005A2207 /* en */ = {isa = PBXFileReference; lastKnownFileType = text.plist.strings; name = en; path = en.lproj/InfoPlist.strings; sourceTree = "<group>"; };
		C1F9C008197B74B2005A2207 /* DrawbridgeDataTests.m */ = {isa = PBXFileReference; lastKnownFileType = sourcecode.c.objc; path = DrawbridgeDataTests.m; sourceTree = "<group>"; };
		C1F9C017197B78A9005A2207 /* CoreData.framework */ = {isa = PBXFileReference; lastKnownFileType = wrapper.framework; name = CoreData.framework; path = System/Library/Frameworks/CoreData.framework; sourceTree = SDKROOT; };
		C1F9C01A197B7901005A2207 /* DBSecrets.xcdatamodel */ = {isa = PBXFileReference; lastKnownFileType = wrapper.xcdatamodel; path = DBSecrets.xcdatamodel; sourceTree = "<group>"; };
/* End PBXFileReference section */

/* Begin PBXFrameworksBuildPhase section */
		C1F9BFD1197B74B2005A2207 /* Frameworks */ = {
			isa = PBXFrameworksBuildPhase;
			buildActionMask = 2147483647;
			files = (
				C1A2B29C197BDBB600CFFA2D /* SystemConfiguration.framework in Frameworks */,
				C1A2B29A197BDBA900CFFA2D /* Security.framework in Frameworks */,
				C1A2B298197BDBA400CFFA2D /* CFNetwork.framework in Frameworks */,
				C1A2B296197BDB9B00CFFA2D /* libc++.dylib in Frameworks */,
				C1A2B294197BDB9100CFFA2D /* libicucore.dylib in Frameworks */,
				C1A2B292197BD3F900CFFA2D /* Firebase.framework in Frameworks */,
				C1F9C018197B78A9005A2207 /* CoreData.framework in Frameworks */,
				C1F9BFDA197B74B2005A2207 /* CoreGraphics.framework in Frameworks */,
				C1F9BFDC197B74B2005A2207 /* UIKit.framework in Frameworks */,
				C1F9BFD8197B74B2005A2207 /* Foundation.framework in Frameworks */,
			);
			runOnlyForDeploymentPostprocessing = 0;
		};
		C1F9BFF8197B74B2005A2207 /* Frameworks */ = {
			isa = PBXFrameworksBuildPhase;
			buildActionMask = 2147483647;
			files = (
				C1F9BFFD197B74B2005A2207 /* XCTest.framework in Frameworks */,
				C1F9BFFF197B74B2005A2207 /* UIKit.framework in Frameworks */,
				C1F9BFFE197B74B2005A2207 /* Foundation.framework in Frameworks */,
			);
			runOnlyForDeploymentPostprocessing = 0;
		};
/* End PBXFrameworksBuildPhase section */

/* Begin PBXGroup section */
		C1600700197B98E900E062F4 /* MagicalRecord */ = {
			isa = PBXGroup;
			children = (
				C1600701197B98E900E062F4 /* Categories */,
				C160072B197B98E900E062F4 /* Core */,
				C160073D197B98E900E062F4 /* CoreData+MagicalRecord.h */,
			);
			path = MagicalRecord;
			sourceTree = "<group>";
		};
		C1600701197B98E900E062F4 /* Categories */ = {
			isa = PBXGroup;
			children = (
				C1600702197B98E900E062F4 /* DataImport */,
				C1600711197B98E900E062F4 /* NSManagedObject */,
				C160071C197B98E900E062F4 /* NSManagedObjectContext */,
				C1600725197B98E900E062F4 /* NSManagedObjectModel+MagicalRecord.h */,
				C1600726197B98E900E062F4 /* NSManagedObjectModel+MagicalRecord.m */,
				C1600727197B98E900E062F4 /* NSPersistentStore+MagicalRecord.h */,
				C1600728197B98E900E062F4 /* NSPersistentStore+MagicalRecord.m */,
				C1600729197B98E900E062F4 /* NSPersistentStoreCoordinator+MagicalRecord.h */,
				C160072A197B98E900E062F4 /* NSPersistentStoreCoordinator+MagicalRecord.m */,
			);
			path = Categories;
			sourceTree = "<group>";
		};
		C1600702197B98E900E062F4 /* DataImport */ = {
			isa = PBXGroup;
			children = (
				C1600703197B98E900E062F4 /* MagicalImportFunctions.h */,
				C1600704197B98E900E062F4 /* MagicalImportFunctions.m */,
				C1600705197B98E900E062F4 /* NSAttributeDescription+MagicalDataImport.h */,
				C1600706197B98E900E062F4 /* NSAttributeDescription+MagicalDataImport.m */,
				C1600707197B98E900E062F4 /* NSEntityDescription+MagicalDataImport.h */,
				C1600708197B98E900E062F4 /* NSEntityDescription+MagicalDataImport.m */,
				C1600709197B98E900E062F4 /* NSNumber+MagicalDataImport.h */,
				C160070A197B98E900E062F4 /* NSNumber+MagicalDataImport.m */,
				C160070B197B98E900E062F4 /* NSObject+MagicalDataImport.h */,
				C160070C197B98E900E062F4 /* NSObject+MagicalDataImport.m */,
				C160070D197B98E900E062F4 /* NSRelationshipDescription+MagicalDataImport.h */,
				C160070E197B98E900E062F4 /* NSRelationshipDescription+MagicalDataImport.m */,
				C160070F197B98E900E062F4 /* NSString+MagicalDataImport.h */,
				C1600710197B98E900E062F4 /* NSString+MagicalDataImport.m */,
			);
			path = DataImport;
			sourceTree = "<group>";
		};
		C1600711197B98E900E062F4 /* NSManagedObject */ = {
			isa = PBXGroup;
			children = (
				C1600712197B98E900E062F4 /* NSManagedObject+MagicalAggregation.h */,
				C1600713197B98E900E062F4 /* NSManagedObject+MagicalAggregation.m */,
				C1600714197B98E900E062F4 /* NSManagedObject+MagicalDataImport.h */,
				C1600715197B98E900E062F4 /* NSManagedObject+MagicalDataImport.m */,
				C1600716197B98E900E062F4 /* NSManagedObject+MagicalFinders.h */,
				C1600717197B98E900E062F4 /* NSManagedObject+MagicalFinders.m */,
				C1600718197B98E900E062F4 /* NSManagedObject+MagicalRecord.h */,
				C1600719197B98E900E062F4 /* NSManagedObject+MagicalRecord.m */,
				C160071A197B98E900E062F4 /* NSManagedObject+MagicalRequests.h */,
				C160071B197B98E900E062F4 /* NSManagedObject+MagicalRequests.m */,
			);
			path = NSManagedObject;
			sourceTree = "<group>";
		};
		C160071C197B98E900E062F4 /* NSManagedObjectContext */ = {
			isa = PBXGroup;
			children = (
				C160071D197B98E900E062F4 /* NSManagedObjectContext+MagicalObserving.h */,
				C160071E197B98E900E062F4 /* NSManagedObjectContext+MagicalObserving.m */,
				C160071F197B98E900E062F4 /* NSManagedObjectContext+MagicalRecord.h */,
				C1600720197B98E900E062F4 /* NSManagedObjectContext+MagicalRecord.m */,
				C1600721197B98E900E062F4 /* NSManagedObjectContext+MagicalSaves.h */,
				C1600722197B98E900E062F4 /* NSManagedObjectContext+MagicalSaves.m */,
				C1600723197B98E900E062F4 /* NSManagedObjectContext+MagicalThreading.h */,
				C1600724197B98E900E062F4 /* NSManagedObjectContext+MagicalThreading.m */,
			);
			path = NSManagedObjectContext;
			sourceTree = "<group>";
		};
		C160072B197B98E900E062F4 /* Core */ = {
			isa = PBXGroup;
			children = (
				C160072C197B98E900E062F4 /* MagicalRecord+Actions.h */,
				C160072D197B98E900E062F4 /* MagicalRecord+Actions.m */,
				C160072E197B98E900E062F4 /* MagicalRecord+ErrorHandling.h */,
				C160072F197B98E900E062F4 /* MagicalRecord+ErrorHandling.m */,
				C1600730197B98E900E062F4 /* MagicalRecord+iCloud.h */,
				C1600731197B98E900E062F4 /* MagicalRecord+iCloud.m */,
				C1600732197B98E900E062F4 /* MagicalRecord+Options.h */,
				C1600733197B98E900E062F4 /* MagicalRecord+Options.m */,
				C1600734197B98E900E062F4 /* MagicalRecord+Setup.h */,
				C1600735197B98E900E062F4 /* MagicalRecord+Setup.m */,
				C1600736197B98E900E062F4 /* MagicalRecord+ShorthandSupport.h */,
				C1600737197B98E900E062F4 /* MagicalRecord+ShorthandSupport.m */,
				C1600738197B98E900E062F4 /* MagicalRecord.h */,
				C1600739197B98E900E062F4 /* MagicalRecord.m */,
				C160073A197B98E900E062F4 /* MagicalRecordDeprecated.h */,
				C160073B197B98E900E062F4 /* MagicalRecordLogging.h */,
				C160073C197B98E900E062F4 /* MagicalRecordShorthand.h */,
			);
			path = Core;
			sourceTree = "<group>";
		};
		C1F9BFCB197B74B2005A2207 = {
			isa = PBXGroup;
			children = (
				C158BD30197BA9B300AC6793 /* DBCrypto.h */,
				C158BD31197BA9B300AC6793 /* DBCrypto.m */,
				C1F9BFDD197B74B2005A2207 /* DrawbridgeData */,
				C1F9C002197B74B2005A2207 /* DrawbridgeDataTests */,
				C1F9BFD6197B74B2005A2207 /* Frameworks */,
				C1F9BFD5197B74B2005A2207 /* Products */,
			);
			sourceTree = "<group>";
		};
		C1F9BFD5197B74B2005A2207 /* Products */ = {
			isa = PBXGroup;
			children = (
				C1F9BFD4197B74B2005A2207 /* DrawbridgeData.app */,
				C1F9BFFB197B74B2005A2207 /* DrawbridgeDataTests.xctest */,
			);
			name = Products;
			sourceTree = "<group>";
		};
		C1F9BFD6197B74B2005A2207 /* Frameworks */ = {
			isa = PBXGroup;
			children = (
				C1A2B29B197BDBB600CFFA2D /* SystemConfiguration.framework */,
				C1A2B299197BDBA900CFFA2D /* Security.framework */,
				C1A2B297197BDBA400CFFA2D /* CFNetwork.framework */,
				C1A2B295197BDB9B00CFFA2D /* libc++.dylib */,
				C1A2B293197BDB9100CFFA2D /* libicucore.dylib */,
				C1A2B291197BD3F900CFFA2D /* Firebase.framework */,
				C1F9C017197B78A9005A2207 /* CoreData.framework */,
				C1F9BFD7197B74B2005A2207 /* Foundation.framework */,
				C1F9BFD9197B74B2005A2207 /* CoreGraphics.framework */,
				C1F9BFDB197B74B2005A2207 /* UIKit.framework */,
				C1F9BFFC197B74B2005A2207 /* XCTest.framework */,
			);
			name = Frameworks;
			sourceTree = "<group>";
		};
		C1F9BFDD197B74B2005A2207 /* DrawbridgeData */ = {
			isa = PBXGroup;
			children = (
				C1600700197B98E900E062F4 /* MagicalRecord */,
				C1A2B28E197BD30A00CFFA2D /* DBFirebase.h */,
				C1A2B28F197BD30A00CFFA2D /* DBFirebase.m */,
				C1F9C019197B7901005A2207 /* DBSecrets.xcdatamodeld */,
				C160075E197B996400E062F4 /* Account.h */,
				C160075F197B996400E062F4 /* Account.m */,
				C160075B197B996400E062F4 /* User.h */,
				C160075C197B996400E062F4 /* User.m */,
				C1600758197B996400E062F4 /* Domain.h */,
				C1600759197B996400E062F4 /* Domain.m */,
				C158BD33197BABE300AC6793 /* DBStore.h */,
				C158BD34197BABE300AC6793 /* DBStore.m */,
				C1F9BFE6197B74B2005A2207 /* DBAppDelegate.h */,
				C1F9BFE7197B74B2005A2207 /* DBAppDelegate.m */,
				C1F9BFE9197B74B2005A2207 /* Main_iPhone.storyboard */,
				C1F9BFEC197B74B2005A2207 /* Main_iPad.storyboard */,
				C1F9BFEF197B74B2005A2207 /* DBMainViewController.h */,
				C1F9BFF0197B74B2005A2207 /* DBMainViewController.m */,
				C1F9BFF2197B74B2005A2207 /* DBFlipsideViewController.h */,
				C1F9BFF3197B74B2005A2207 /* DBFlipsideViewController.m */,
				C1F9BFF5197B74B2005A2207 /* Images.xcassets */,
				C1F9BFDE197B74B2005A2207 /* Supporting Files */,
			);
			path = DrawbridgeData;
			sourceTree = "<group>";
		};
		C1F9BFDE197B74B2005A2207 /* Supporting Files */ = {
			isa = PBXGroup;
			children = (
				C1F9BFDF197B74B2005A2207 /* DrawbridgeData-Info.plist */,
				C1F9BFE0197B74B2005A2207 /* InfoPlist.strings */,
				C1F9BFE3197B74B2005A2207 /* main.m */,
				C1F9BFE5197B74B2005A2207 /* DrawbridgeData-Prefix.pch */,
			);
			name = "Supporting Files";
			sourceTree = "<group>";
		};
		C1F9C002197B74B2005A2207 /* DrawbridgeDataTests */ = {
			isa = PBXGroup;
			children = (
				C1F9C008197B74B2005A2207 /* DrawbridgeDataTests.m */,
				C1F9C003197B74B2005A2207 /* Supporting Files */,
			);
			path = DrawbridgeDataTests;
			sourceTree = "<group>";
		};
		C1F9C003197B74B2005A2207 /* Supporting Files */ = {
			isa = PBXGroup;
			children = (
				C1F9C004197B74B2005A2207 /* DrawbridgeDataTests-Info.plist */,
				C1F9C005197B74B2005A2207 /* InfoPlist.strings */,
			);
			name = "Supporting Files";
			sourceTree = "<group>";
		};
/* End PBXGroup section */

/* Begin PBXNativeTarget section */
		C1F9BFD3197B74B2005A2207 /* DrawbridgeData */ = {
			isa = PBXNativeTarget;
			buildConfigurationList = C1F9C00C197B74B2005A2207 /* Build configuration list for PBXNativeTarget "DrawbridgeData" */;
			buildPhases = (
				C1F9BFD0197B74B2005A2207 /* Sources */,
				C1F9BFD1197B74B2005A2207 /* Frameworks */,
				C1F9BFD2197B74B2005A2207 /* Resources */,
			);
			buildRules = (
			);
			dependencies = (
			);
			name = DrawbridgeData;
			productName = DrawbridgeData;
			productReference = C1F9BFD4197B74B2005A2207 /* DrawbridgeData.app */;
			productType = "com.apple.product-type.application";
		};
		C1F9BFFA197B74B2005A2207 /* DrawbridgeDataTests */ = {
			isa = PBXNativeTarget;
			buildConfigurationList = C1F9C00F197B74B2005A2207 /* Build configuration list for PBXNativeTarget "DrawbridgeDataTests" */;
			buildPhases = (
				C1F9BFF7197B74B2005A2207 /* Sources */,
				C1F9BFF8197B74B2005A2207 /* Frameworks */,
				C1F9BFF9197B74B2005A2207 /* Resources */,
			);
			buildRules = (
			);
			dependencies = (
				C1F9C001197B74B2005A2207 /* PBXTargetDependency */,
			);
			name = DrawbridgeDataTests;
			productName = DrawbridgeDataTests;
			productReference = C1F9BFFB197B74B2005A2207 /* DrawbridgeDataTests.xctest */;
			productType = "com.apple.product-type.bundle.unit-test";
		};
/* End PBXNativeTarget section */

/* Begin PBXProject section */
		C1F9BFCC197B74B2005A2207 /* Project object */ = {
			isa = PBXProject;
			attributes = {
				CLASSPREFIX = DB;
				LastUpgradeCheck = 0510;
				ORGANIZATIONNAME = "___FULLUSERNAME___";
				TargetAttributes = {
					C1F9BFFA197B74B2005A2207 = {
						TestTargetID = C1F9BFD3197B74B2005A2207;
					};
				};
			};
			buildConfigurationList = C1F9BFCF197B74B2005A2207 /* Build configuration list for PBXProject "DrawbridgeData" */;
			compatibilityVersion = "Xcode 3.2";
			developmentRegion = English;
			hasScannedForEncodings = 0;
			knownRegions = (
				en,
				Base,
			);
			mainGroup = C1F9BFCB197B74B2005A2207;
			productRefGroup = C1F9BFD5197B74B2005A2207 /* Products */;
			projectDirPath = "";
			projectRoot = "";
			targets = (
				C1F9BFD3197B74B2005A2207 /* DrawbridgeData */,
				C1F9BFFA197B74B2005A2207 /* DrawbridgeDataTests */,
			);
		};
/* End PBXProject section */

/* Begin PBXResourcesBuildPhase section */
		C1F9BFD2197B74B2005A2207 /* Resources */ = {
			isa = PBXResourcesBuildPhase;
			buildActionMask = 2147483647;
			files = (
				C1F9BFEE197B74B2005A2207 /* Main_iPad.storyboard in Resources */,
				C1F9BFF6197B74B2005A2207 /* Images.xcassets in Resources */,
				C1F9BFEB197B74B2005A2207 /* Main_iPhone.storyboard in Resources */,
				C1F9BFE2197B74B2005A2207 /* InfoPlist.strings in Resources */,
			);
			runOnlyForDeploymentPostprocessing = 0;
		};
		C1F9BFF9197B74B2005A2207 /* Resources */ = {
			isa = PBXResourcesBuildPhase;
			buildActionMask = 2147483647;
			files = (
				C1F9C007197B74B2005A2207 /* InfoPlist.strings in Resources */,
			);
			runOnlyForDeploymentPostprocessing = 0;
		};
/* End PBXResourcesBuildPhase section */

/* Begin PBXSourcesBuildPhase section */
		C1F9BFD0197B74B2005A2207 /* Sources */ = {
			isa = PBXSourcesBuildPhase;
			buildActionMask = 2147483647;
			files = (
				C1A2B28D197BBF8400CFFA2D /* DBStore.m in Sources */,
				C1F9BFF1197B74B2005A2207 /* DBMainViewController.m in Sources */,
				C1F9C01B197B7901005A2207 /* DBSecrets.xcdatamodeld in Sources */,
				C158BD32197BA9B300AC6793 /* DBCrypto.m in Sources */,
				C1600741197B98E900E062F4 /* NSNumber+MagicalDataImport.m in Sources */,
				C1600743197B98E900E062F4 /* NSRelationshipDescription+MagicalDataImport.m in Sources */,
				C1600740197B98E900E062F4 /* NSEntityDescription+MagicalDataImport.m in Sources */,
				C1600760197B996400E062F4 /* Account.m in Sources */,
				C1600749197B98E900E062F4 /* NSManagedObject+MagicalRequests.m in Sources */,
				C1600744197B98E900E062F4 /* NSString+MagicalDataImport.m in Sources */,
				C160074F197B98E900E062F4 /* NSPersistentStore+MagicalRecord.m in Sources */,
				C1F9BFE8197B74B2005A2207 /* DBAppDelegate.m in Sources */,
				C1600748197B98E900E062F4 /* NSManagedObject+MagicalRecord.m in Sources */,
				C1600753197B98E900E062F4 /* MagicalRecord+iCloud.m in Sources */,
				C1600750197B98E900E062F4 /* NSPersistentStoreCoordinator+MagicalRecord.m in Sources */,
				C1600755197B98E900E062F4 /* MagicalRecord+Setup.m in Sources */,
				C1F9BFF4197B74B2005A2207 /* DBFlipsideViewController.m in Sources */,
				C1600756197B98E900E062F4 /* MagicalRecord+ShorthandSupport.m in Sources */,
				C1F9BFE4197B74B2005A2207 /* main.m in Sources */,
				C1600754197B98E900E062F4 /* MagicalRecord+Options.m in Sources */,
				C160075D197B996400E062F4 /* User.m in Sources */,
				C1600752197B98E900E062F4 /* MagicalRecord+ErrorHandling.m in Sources */,
				C160073E197B98E900E062F4 /* MagicalImportFunctions.m in Sources */,
				C160073F197B98E900E062F4 /* NSAttributeDescription+MagicalDataImport.m in Sources */,
				C160074C197B98E900E062F4 /* NSManagedObjectContext+MagicalSaves.m in Sources */,
				C1600757197B98E900E062F4 /* MagicalRecord.m in Sources */,
				C160074D197B98E900E062F4 /* NSManagedObjectContext+MagicalThreading.m in Sources */,
				C160074B197B98E900E062F4 /* NSManagedObjectContext+MagicalRecord.m in Sources */,
				C1600746197B98E900E062F4 /* NSManagedObject+MagicalDataImport.m in Sources */,
				C1A2B290197BD30A00CFFA2D /* DBFirebase.m in Sources */,
				C160074A197B98E900E062F4 /* NSManagedObjectContext+MagicalObserving.m in Sources */,
				C1600745197B98E900E062F4 /* NSManagedObject+MagicalAggregation.m in Sources */,
				C160075A197B996400E062F4 /* Domain.m in Sources */,
				C160074E197B98E900E062F4 /* NSManagedObjectModel+MagicalRecord.m in Sources */,
				C1600747197B98E900E062F4 /* NSManagedObject+MagicalFinders.m in Sources */,
				C1600742197B98E900E062F4 /* NSObject+MagicalDataImport.m in Sources */,
				C1600751197B98E900E062F4 /* MagicalRecord+Actions.m in Sources */,
			);
			runOnlyForDeploymentPostprocessing = 0;
		};
		C1F9BFF7197B74B2005A2207 /* Sources */ = {
			isa = PBXSourcesBuildPhase;
			buildActionMask = 2147483647;
			files = (
				C1F9C009197B74B2005A2207 /* DrawbridgeDataTests.m in Sources */,
			);
			runOnlyForDeploymentPostprocessing = 0;
		};
/* End PBXSourcesBuildPhase section */

/* Begin PBXTargetDependency section */
		C1F9C001197B74B2005A2207 /* PBXTargetDependency */ = {
			isa = PBXTargetDependency;
			target = C1F9BFD3197B74B2005A2207 /* DrawbridgeData */;
			targetProxy = C1F9C000197B74B2005A2207 /* PBXContainerItemProxy */;
		};
/* End PBXTargetDependency section */

/* Begin PBXVariantGroup section */
		C1F9BFE0197B74B2005A2207 /* InfoPlist.strings */ = {
			isa = PBXVariantGroup;
			children = (
				C1F9BFE1197B74B2005A2207 /* en */,
			);
			name = InfoPlist.strings;
			sourceTree = "<group>";
		};
		C1F9BFE9197B74B2005A2207 /* Main_iPhone.storyboard */ = {
			isa = PBXVariantGroup;
			children = (
				C1F9BFEA197B74B2005A2207 /* Base */,
			);
			name = Main_iPhone.storyboard;
			sourceTree = "<group>";
		};
		C1F9BFEC197B74B2005A2207 /* Main_iPad.storyboard */ = {
			isa = PBXVariantGroup;
			children = (
				C1F9BFED197B74B2005A2207 /* Base */,
			);
			name = Main_iPad.storyboard;
			sourceTree = "<group>";
		};
		C1F9C005197B74B2005A2207 /* InfoPlist.strings */ = {
			isa = PBXVariantGroup;
			children = (
				C1F9C006197B74B2005A2207 /* en */,
			);
			name = InfoPlist.strings;
			sourceTree = "<group>";
		};
/* End PBXVariantGroup section */

/* Begin XCBuildConfiguration section */
		C1F9C00A197B74B2005A2207 /* Debug */ = {
			isa = XCBuildConfiguration;
			buildSettings = {
				ALWAYS_SEARCH_USER_PATHS = NO;
				CLANG_CXX_LANGUAGE_STANDARD = "gnu++0x";
				CLANG_CXX_LIBRARY = "libc++";
				CLANG_ENABLE_MODULES = YES;
				CLANG_ENABLE_OBJC_ARC = YES;
				CLANG_WARN_BOOL_CONVERSION = YES;
				CLANG_WARN_CONSTANT_CONVERSION = YES;
				CLANG_WARN_DIRECT_OBJC_ISA_USAGE = YES_ERROR;
				CLANG_WARN_EMPTY_BODY = YES;
				CLANG_WARN_ENUM_CONVERSION = YES;
				CLANG_WARN_INT_CONVERSION = YES;
				CLANG_WARN_OBJC_ROOT_CLASS = YES_ERROR;
				CLANG_WARN__DUPLICATE_METHOD_MATCH = YES;
				"CODE_SIGN_IDENTITY[sdk=iphoneos*]" = "iPhone Developer";
				COPY_PHASE_STRIP = NO;
				GCC_C_LANGUAGE_STANDARD = gnu99;
				GCC_DYNAMIC_NO_PIC = NO;
				GCC_OPTIMIZATION_LEVEL = 0;
				GCC_PREPROCESSOR_DEFINITIONS = (
					"DEBUG=1",
					"$(inherited)",
				);
				GCC_SYMBOLS_PRIVATE_EXTERN = NO;
				GCC_WARN_64_TO_32_BIT_CONVERSION = YES;
				GCC_WARN_ABOUT_RETURN_TYPE = YES_ERROR;
				GCC_WARN_UNDECLARED_SELECTOR = YES;
				GCC_WARN_UNINITIALIZED_AUTOS = YES_AGGRESSIVE;
				GCC_WARN_UNUSED_FUNCTION = YES;
				GCC_WARN_UNUSED_VARIABLE = YES;
				IPHONEOS_DEPLOYMENT_TARGET = 7.1;
				ONLY_ACTIVE_ARCH = YES;
				SDKROOT = iphoneos;
				TARGETED_DEVICE_FAMILY = "1,2";
			};
			name = Debug;
		};
		C1F9C00B197B74B2005A2207 /* Release */ = {
			isa = XCBuildConfiguration;
			buildSettings = {
				ALWAYS_SEARCH_USER_PATHS = NO;
				CLANG_CXX_LANGUAGE_STANDARD = "gnu++0x";
				CLANG_CXX_LIBRARY = "libc++";
				CLANG_ENABLE_MODULES = YES;
				CLANG_ENABLE_OBJC_ARC = YES;
				CLANG_WARN_BOOL_CONVERSION = YES;
				CLANG_WARN_CONSTANT_CONVERSION = YES;
				CLANG_WARN_DIRECT_OBJC_ISA_USAGE = YES_ERROR;
				CLANG_WARN_EMPTY_BODY = YES;
				CLANG_WARN_ENUM_CONVERSION = YES;
				CLANG_WARN_INT_CONVERSION = YES;
				CLANG_WARN_OBJC_ROOT_CLASS = YES_ERROR;
				CLANG_WARN__DUPLICATE_METHOD_MATCH = YES;
				"CODE_SIGN_IDENTITY[sdk=iphoneos*]" = "iPhone Developer";
				COPY_PHASE_STRIP = YES;
				ENABLE_NS_ASSERTIONS = NO;
				GCC_C_LANGUAGE_STANDARD = gnu99;
				GCC_WARN_64_TO_32_BIT_CONVERSION = YES;
				GCC_WARN_ABOUT_RETURN_TYPE = YES_ERROR;
				GCC_WARN_UNDECLARED_SELECTOR = YES;
				GCC_WARN_UNINITIALIZED_AUTOS = YES_AGGRESSIVE;
				GCC_WARN_UNUSED_FUNCTION = YES;
				GCC_WARN_UNUSED_VARIABLE = YES;
				IPHONEOS_DEPLOYMENT_TARGET = 7.1;
				SDKROOT = iphoneos;
				TARGETED_DEVICE_FAMILY = "1,2";
				VALIDATE_PRODUCT = YES;
			};
			name = Release;
		};
		C1F9C00D197B74B2005A2207 /* Debug */ = {
			isa = XCBuildConfiguration;
			buildSettings = {
				ASSETCATALOG_COMPILER_APPICON_NAME = AppIcon;
				ASSETCATALOG_COMPILER_LAUNCHIMAGE_NAME = LaunchImage;
				FRAMEWORK_SEARCH_PATHS = (
					"$(inherited)",
					/Users/pete/Downloads,
				);
				GCC_PRECOMPILE_PREFIX_HEADER = YES;
				GCC_PREFIX_HEADER = "DrawbridgeData/DrawbridgeData-Prefix.pch";
				INFOPLIST_FILE = "DrawbridgeData/DrawbridgeData-Info.plist";
				"OTHER_LDFLAGS[arch=*]" = "-ObjC";
				PRODUCT_NAME = "$(TARGET_NAME)";
				WRAPPER_EXTENSION = app;
			};
			name = Debug;
		};
		C1F9C00E197B74B2005A2207 /* Release */ = {
			isa = XCBuildConfiguration;
			buildSettings = {
				ASSETCATALOG_COMPILER_APPICON_NAME = AppIcon;
				ASSETCATALOG_COMPILER_LAUNCHIMAGE_NAME = LaunchImage;
				FRAMEWORK_SEARCH_PATHS = (
					"$(inherited)",
					/Users/pete/Downloads,
				);
				GCC_PRECOMPILE_PREFIX_HEADER = YES;
				GCC_PREFIX_HEADER = "DrawbridgeData/DrawbridgeData-Prefix.pch";
				INFOPLIST_FILE = "DrawbridgeData/DrawbridgeData-Info.plist";
				"OTHER_LDFLAGS[arch=*]" = "-ObjC";
				PRODUCT_NAME = "$(TARGET_NAME)";
				WRAPPER_EXTENSION = app;
			};
			name = Release;
		};
		C1F9C010197B74B2005A2207 /* Debug */ = {
			isa = XCBuildConfiguration;
			buildSettings = {
				BUNDLE_LOADER = "$(BUILT_PRODUCTS_DIR)/DrawbridgeData.app/DrawbridgeData";
				FRAMEWORK_SEARCH_PATHS = (
					"$(SDKROOT)/Developer/Library/Frameworks",
					"$(inherited)",
					"$(DEVELOPER_FRAMEWORKS_DIR)",
				);
				GCC_PRECOMPILE_PREFIX_HEADER = YES;
				GCC_PREFIX_HEADER = "DrawbridgeData/DrawbridgeData-Prefix.pch";
				GCC_PREPROCESSOR_DEFINITIONS = (
					"DEBUG=1",
					"$(inherited)",
				);
				INFOPLIST_FILE = "DrawbridgeDataTests/DrawbridgeDataTests-Info.plist";
				PRODUCT_NAME = "$(TARGET_NAME)";
				TEST_HOST = "$(BUNDLE_LOADER)";
				WRAPPER_EXTENSION = xctest;
			};
			name = Debug;
		};
		C1F9C011197B74B2005A2207 /* Release */ = {
			isa = XCBuildConfiguration;
			buildSettings = {
				BUNDLE_LOADER = "$(BUILT_PRODUCTS_DIR)/DrawbridgeData.app/DrawbridgeData";
				FRAMEWORK_SEARCH_PATHS = (
					"$(SDKROOT)/Developer/Library/Frameworks",
					"$(inherited)",
					"$(DEVELOPER_FRAMEWORKS_DIR)",
				);
				GCC_PRECOMPILE_PREFIX_HEADER = YES;
				GCC_PREFIX_HEADER = "DrawbridgeData/DrawbridgeData-Prefix.pch";
				INFOPLIST_FILE = "DrawbridgeDataTests/DrawbridgeDataTests-Info.plist";
				PRODUCT_NAME = "$(TARGET_NAME)";
				TEST_HOST = "$(BUNDLE_LOADER)";
				WRAPPER_EXTENSION = xctest;
			};
			name = Release;
		};
/* End XCBuildConfiguration section */

/* Begin XCConfigurationList section */
		C1F9BFCF197B74B2005A2207 /* Build configuration list for PBXProject "DrawbridgeData" */ = {
			isa = XCConfigurationList;
			buildConfigurations = (
				C1F9C00A197B74B2005A2207 /* Debug */,
				C1F9C00B197B74B2005A2207 /* Release */,
			);
			defaultConfigurationIsVisible = 0;
			defaultConfigurationName = Release;
		};
		C1F9C00C197B74B2005A2207 /* Build configuration list for PBXNativeTarget "DrawbridgeData" */ = {
			isa = XCConfigurationList;
			buildConfigurations = (
				C1F9C00D197B74B2005A2207 /* Debug */,
				C1F9C00E197B74B2005A2207 /* Release */,
			);
			defaultConfigurationIsVisible = 0;
			defaultConfigurationName = Release;
		};
		C1F9C00F197B74B2005A2207 /* Build configuration list for PBXNativeTarget "DrawbridgeDataTests" */ = {
			isa = XCConfigurationList;
			buildConfigurations = (
				C1F9C010197B74B2005A2207 /* Debug */,
				C1F9C011197B74B2005A2207 /* Release */,
			);
			defaultConfigurationIsVisible = 0;
			defaultConfigurationName = Release;
		};
/* End XCConfigurationList section */

/* Begin XCVersionGroup section */
		C1F9C019197B7901005A2207 /* DBSecrets.xcdatamodeld */ = {
			isa = XCVersionGroup;
			children = (
				C1F9C01A197B7901005A2207 /* DBSecrets.xcdatamodel */,
			);
			currentVersion = C1F9C01A197B7901005A2207 /* DBSecrets.xcdatamodel */;
			path = DBSecrets.xcdatamodeld;
			sourceTree = "<group>";
			versionGroupType = wrapper.xcdatamodel;
		};
/* End XCVersionGroup section */
	};
	rootObject = C1F9BFCC197B74B2005A2207 /* Project object */;
}
